
Microsoft Visual Studio Solution File, Format Version 10.00
# Visual Studio 2008
Project("{FAE04EC0-301F-11D3-BF4B-00C04F79EFBC}") = "SaiVeri", "SaiVeri\SaiVeri.csproj", "{B91015EB-8BC6-4725-8535-2169F1447EB7}"
EndProject
Global
	GlobalSection(SolutionConfigurationPlatforms) = preSolution
		Debug|Any CPU = Debug|Any CPU
		Release|Any CPU = Release|Any CPU
	EndGlobalSection
	GlobalSection(ProjectConfigurationPlatforms) = postSolution
		{B91015EB-8BC6-4725-8535-2169F1447EB7}.Debug|Any CPU.ActiveCfg = Debug|Any CPU
		{B91015EB-8BC6-4725-8535-2169F1447EB7}.Debug|Any CPU.Build.0 = Debug|Any CPU
		{B91015EB-8BC6-4725-8535-2169F1447EB7}.Release|Any CPU.ActiveCfg = Release|Any CPU
		{B91015EB-8BC6-4725-8535-2169F1447EB7}.Release|Any CPU.Build.0 = Release|Any CPU
	EndGlobalSection
	GlobalSection(SolutionProperties) = preSolution
		HideSolutionNode = FALSE
	EndGlobalSection
EndGlobal
